
Microsoft Visual Studio Solution File, Format Version 12.00
# Visual Studio 15
VisualStudioVersion = 15.0.27428.2011
MinimumVisualStudioVersion = 10.0.40219.1
Project("{FAE04EC0-301F-11D3-BF4B-00C04F79EFBC}") = "DemoApplication", "DemoApplication.csproj", "{0A84D2EB-5143-4B84-8287-09901C767178}"
EndProject
Project("{FAE04EC0-301F-11D3-BF4B-00C04F79EFBC}") = "Urho3DNet", "Urho3DNet.csproj", "{38913C81-4703-4652-B17B-823BAA9B6508}"
EndProject
Global
	GlobalSection(SolutionConfigurationPlatforms) = preSolution
		Debug|x64 = Debug|x64
		Release|x64 = Release|x64
	EndGlobalSection
	GlobalSection(ProjectConfigurationPlatforms) = postSolution
		{0A84D2EB-5143-4B84-8287-09901C767178}.Debug|x64.ActiveCfg = Debug|x64
		{0A84D2EB-5143-4B84-8287-09901C767178}.Release|x64.ActiveCfg = Release|x64
		{38913C81-4703-4652-B17B-823BAA9B6508}.Debug|x64.ActiveCfg = Debug|x64
		{38913C81-4703-4652-B17B-823BAA9B6508}.Release|x64.ActiveCfg = Release|x64
	EndGlobalSection
	GlobalSection(SolutionProperties) = preSolution
		HideSolutionNode = FALSE
	EndGlobalSection
	GlobalSection(ExtensibilityGlobals) = postSolution
		SolutionGuid = {7ED7CCF7-2DE0-48E4-8290-6802F73A94CE}
	EndGlobalSection
EndGlobal
